{
  "lockfileVersion": 1,
  "configVersion": 1,
  "workspaces": {
    "": {
      "name": "nikos-agent-stack",
      "dependencies": {
        "@oh-my-pi/pi-utils": "^17.2.15",
      },
    },
  },
  "packages": {
    "@oh-my-pi/pi-natives": ["@oh-my-pi/pi-natives@17.4.2", "", { "optionalDependencies": { "@oh-my-pi/pi-natives-darwin-arm64": "17.4.2", "@oh-my-pi/pi-natives-darwin-x64": "17.4.2", "@oh-my-pi/pi-natives-linux-arm64": "17.4.2", "@oh-my-pi/pi-natives-linux-x64": "17.4.2", "@oh-my-pi/pi-natives-win32-x64": "17.4.2" } }, "sha512-889fkR9GBM16aNBiTjPqPHPvQhjkNJQVe9a1BTCpOqN00VSIDNnluzDxnCq4b+XbwbCbWCCipDoWCobwH3z8Qg=="],

    "@oh-my-pi/pi-natives-darwin-arm64": ["@oh-my-pi/pi-natives-darwin-arm64@17.4.2", "", { "os": "darwin", "cpu": "arm64" }, "sha512-993RZRxQeYqRywtnqfLeILvjSDh4TADwdC9oqqNrBYYzso5TPZbjbs8kT2M0eT5GWEFiNA17/3fKTA2E2QwY5Q=="],

    "@oh-my-pi/pi-natives-darwin-x64": ["@oh-my-pi/pi-natives-darwin-x64@17.4.2", "", { "os": "darwin", "cpu": "x64" }, "sha512-4YDybEMakDC7nD+rvM0CHbiFfTrscGC8G+/z3BlW5YN1ZiyZ54ts+9zYi07EHHfNVSV4t8fuHJYYP6Vkrr6viA=="],

    "@oh-my-pi/pi-natives-linux-arm64": ["@oh-my-pi/pi-natives-linux-arm64@17.4.2", "", { "os": "linux", "cpu": "arm64" }, "sha512-XpN2LM+4gXQGNZSWmkPP+3vYDJa1gBY62ThqVHIKCrfEXidNauNXilUzWgVTEg488Z52LNth0AXndQTaEI7I+g=="],

    "@oh-my-pi/pi-natives-linux-x64": ["@oh-my-pi/pi-natives-linux-x64@17.4.2", "", { "os": "linux", "cpu": "x64" }, "sha512-91UL4pNOGoccUWtexflO/IFx/u2igC2q5pS7qJwNcKrb1rqGztTuJlgaQlNHdOMa1N9sNGzFCn8dZEAusLS50Q=="],

    "@oh-my-pi/pi-natives-win32-x64": ["@oh-my-pi/pi-natives-win32-x64@17.4.2", "", { "os": "win32", "cpu": "x64" }, "sha512-/BNvunF+PeuCcTr2RMU4K3kDS0Dq2MPh9gueSEH9xmkK3eZv9Hu2s6MwYNa+uAdHskyd1ScShmgxYiVXgsYQNg=="],

    "@oh-my-pi/pi-utils": ["@oh-my-pi/pi-utils@17.4.2", "", { "dependencies": { "@oh-my-pi/pi-natives": "17.4.2" } }, "sha512-8ZPmgUdGNIsgvV0lZERjCMh2uw8oITgMEWHXSfsTj8xMiF0vnJ6TH7hY8+Qva6Bi2qtb/sLVuKvPant9ZQ6gwQ=="],
  }
}
